
Microsoft Visual Studio Solution File, Format Version 12.00
# Visual Studio Version 17
VisualStudioVersion = 17.9.34701.34
MinimumVisualStudioVersion = 10.0.40219.1
Project("{8BC9CEB8-8B4A-11D0-8D11-00A0C91BC942}") = "Lecture03-HW", "Lecture03-HW\Lecture03-HW.vcxproj", "{63E132FE-AD02-4A8D-81C5-DBDCF728ABFD}"
EndProject
Project("{8BC9CEB8-8B4A-11D0-8D11-00A0C91BC942}") = "Lecture04-HW", "Lecture04-HW\Lecture04-HW.vcxproj", "{CC77262E-07BF-47F4-B9A5-641E301E0DFB}"
EndProject
Project("{8BC9CEB8-8B4A-11D0-8D11-00A0C91BC942}") = "Lecture05-HW", "Lecture05-HW\Lecture05-HW.vcxproj", "{AB31D050-E0B4-4E1F-B427-797A0B5F85D3}"
EndProject
Project("{8BC9CEB8-8B4A-11D0-8D11-00A0C91BC942}") = "Lecture06-HW", "Lecture06-HW\Lecture06-HW.vcxproj", "{BD9B72C6-1A21-4CEF-920F-209D991852C1}"
EndProject
Project("{8BC9CEB8-8B4A-11D0-8D11-00A0C91BC942}") = "Lecture10-HW", "Lecture10-HW\Lecture10-HW.vcxproj", "{3B3A4D00-1E35-469A-B9A0-561353B35BC1}"
EndProject
Project("{8BC9CEB8-8B4A-11D0-8D11-00A0C91BC942}") = "Lecture12-HW", "Lecture12-HW\Lecture12-HW.vcxproj", "{84A2FB97-98DA-4726-B34F-67E24AB18838}"
EndProject
Project("{8BC9CEB8-8B4A-11D0-8D11-00A0C91BC942}") = "Lecture13-HW", "Lecture13-HW\Lecture13-HW.vcxproj", "{31C1C0A3-7828-475E-AC58-91A20F037B79}"
EndProject
Project("{8BC9CEB8-8B4A-11D0-8D11-00A0C91BC942}") = "Lecture14-HW", "Lecture14-HW\Lecture14-HW.vcxproj", "{A9937D28-8CF6-4DAC-AAD2-1ABEAE813313}"
EndProject
Global
	GlobalSection(SolutionConfigurationPlatforms) = preSolution
		Debug|x64 = Debug|x64
		Debug|x86 = Debug|x86
		Release|x64 = Release|x64
		Release|x86 = Release|x86
	EndGlobalSection
	GlobalSection(ProjectConfigurationPlatforms) = postSolution
		{63E132FE-AD02-4A8D-81C5-DBDCF728ABFD}.Debug|x64.ActiveCfg = Debug|x64
		{63E132FE-AD02-4A8D-81C5-DBDCF728ABFD}.Debug|x64.Build.0 = Debug|x64
		{63E132FE-AD02-4A8D-81C5-DBDCF728ABFD}.Debug|x86.ActiveCfg = Debug|Win32
		{63E132FE-AD02-4A8D-81C5-DBDCF728ABFD}.Debug|x86.Build.0 = Debug|Win32
		{63E132FE-AD02-4A8D-81C5-DBDCF728ABFD}.Release|x64.ActiveCfg = Release|x64
		{63E132FE-AD02-4A8D-81C5-DBDCF728ABFD}.Release|x64.Build.0 = Release|x64
		{63E132FE-AD02-4A8D-81C5-DBDCF728ABFD}.Release|x86.ActiveCfg = Release|Win32
		{63E132FE-AD02-4A8D-81C5-DBDCF728ABFD}.Release|x86.Build.0 = Release|Win32
		{CC77262E-07BF-47F4-B9A5-641E301E0DFB}.Debug|x64.ActiveCfg = Debug|x64
		{CC77262E-07BF-47F4-B9A5-641E301E0DFB}.Debug|x64.Build.0 = Debug|x64
		{CC77262E-07BF-47F4-B9A5-641E301E0DFB}.Debug|x86.ActiveCfg = Debug|Win32
		{CC77262E-07BF-47F4-B9A5-641E301E0DFB}.Debug|x86.Build.0 = Debug|Win32
		{CC77262E-07BF-47F4-B9A5-641E301E0DFB}.Release|x64.ActiveCfg = Release|x64
		{CC77262E-07BF-47F4-B9A5-641E301E0DFB}.Release|x64.Build.0 = Release|x64
		{CC77262E-07BF-47F4-B9A5-641E301E0DFB}.Release|x86.ActiveCfg = Release|Win32
		{CC77262E-07BF-47F4-B9A5-641E301E0DFB}.Release|x86.Build.0 = Release|Win32
		{AB31D050-E0B4-4E1F-B427-797A0B5F85D3}.Debug|x64.ActiveCfg = Debug|x64
		{AB31D050-E0B4-4E1F-B427-797A0B5F85D3}.Debug|x64.Build.0 = Debug|x64
		{AB31D050-E0B4-4E1F-B427-797A0B5F85D3}.Debug|x86.ActiveCfg = Debug|Win32
		{AB31D050-E0B4-4E1F-B427-797A0B5F85D3}.Debug|x86.Build.0 = Debug|Win32
		{AB31D050-E0B4-4E1F-B427-797A0B5F85D3}.Release|x64.ActiveCfg = Release|x64
		{AB31D050-E0B4-4E1F-B427-797A0B5F85D3}.Release|x64.Build.0 = Release|x64
		{AB31D050-E0B4-4E1F-B427-797A0B5F85D3}.Release|x86.ActiveCfg = Release|Win32
		{AB31D050-E0B4-4E1F-B427-797A0B5F85D3}.Release|x86.Build.0 = Release|Win32
		{BD9B72C6-1A21-4CEF-920F-209D991852C1}.Debug|x64.ActiveCfg = Debug|x64
		{BD9B72C6-1A21-4CEF-920F-209D991852C1}.Debug|x64.Build.0 = Debug|x64
		{BD9B72C6-1A21-4CEF-920F-209D991852C1}.Debug|x86.ActiveCfg = Debug|Win32
		{BD9B72C6-1A21-4CEF-920F-209D991852C1}.Debug|x86.Build.0 = Debug|Win32
		{BD9B72C6-1A21-4CEF-920F-209D991852C1}.Release|x64.ActiveCfg = Release|x64
		{BD9B72C6-1A21-4CEF-920F-209D991852C1}.Release|x64.Build.0 = Release|x64
		{BD9B72C6-1A21-4CEF-920F-209D991852C1}.Release|x86.ActiveCfg = Release|Win32
		{BD9B72C6-1A21-4CEF-920F-209D991852C1}.Release|x86.Build.0 = Release|Win32
		{3B3A4D00-1E35-469A-B9A0-561353B35BC1}.Debug|x64.ActiveCfg = Debug|x64
		{3B3A4D00-1E35-469A-B9A0-561353B35BC1}.Debug|x64.Build.0 = Debug|x64
		{3B3A4D00-1E35-469A-B9A0-561353B35BC1}.Debug|x86.ActiveCfg = Debug|Win32
		{3B3A4D00-1E35-469A-B9A0-561353B35BC1}.Debug|x86.Build.0 = Debug|Win32
		{3B3A4D00-1E35-469A-B9A0-561353B35BC1}.Release|x64.ActiveCfg = Release|x64
		{3B3A4D00-1E35-469A-B9A0-561353B35BC1}.Release|x64.Build.0 = Release|x64
		{3B3A4D00-1E35-469A-B9A0-561353B35BC1}.Release|x86.ActiveCfg = Release|Win32
		{3B3A4D00-1E35-469A-B9A0-561353B35BC1}.Release|x86.Build.0 = Release|Win32
		{84A2FB97-98DA-4726-B34F-67E24AB18838}.Debug|x64.ActiveCfg = Debug|x64
		{84A2FB97-98DA-4726-B34F-67E24AB18838}.Debug|x64.Build.0 = Debug|x64
		{84A2FB97-98DA-4726-B34F-67E24AB18838}.Debug|x86.ActiveCfg = Debug|Win32
		{84A2FB97-98DA-4726-B34F-67E24AB18838}.Debug|x86.Build.0 = Debug|Win32
		{84A2FB97-98DA-4726-B34F-67E24AB18838}.Release|x64.ActiveCfg = Release|x64
		{84A2FB97-98DA-4726-B34F-67E24AB18838}.Release|x64.Build.0 = Release|x64
		{84A2FB97-98DA-4726-B34F-67E24AB18838}.Release|x86.ActiveCfg = Release|Win32
		{84A2FB97-98DA-4726-B34F-67E24AB18838}.Release|x86.Build.0 = Release|Win32
		{31C1C0A3-7828-475E-AC58-91A20F037B79}.Debug|x64.ActiveCfg = Debug|x64
		{31C1C0A3-7828-475E-AC58-91A20F037B79}.Debug|x64.Build.0 = Debug|x64
		{31C1C0A3-7828-475E-AC58-91A20F037B79}.Debug|x86.ActiveCfg = Debug|Win32
		{31C1C0A3-7828-475E-AC58-91A20F037B79}.Debug|x86.Build.0 = Debug|Win32
		{31C1C0A3-7828-475E-AC58-91A20F037B79}.Release|x64.ActiveCfg = Release|x64
		{31C1C0A3-7828-475E-AC58-91A20F037B79}.Release|x64.Build.0 = Release|x64
		{31C1C0A3-7828-475E-AC58-91A20F037B79}.Release|x86.ActiveCfg = Release|Win32
		{31C1C0A3-7828-475E-AC58-91A20F037B79}.Release|x86.Build.0 = Release|Win32
		{A9937D28-8CF6-4DAC-AAD2-1ABEAE813313}.Debug|x64.ActiveCfg = Debug|x64
		{A9937D28-8CF6-4DAC-AAD2-1ABEAE813313}.Debug|x64.Build.0 = Debug|x64
		{A9937D28-8CF6-4DAC-AAD2-1ABEAE813313}.Debug|x86.ActiveCfg = Debug|Win32
		{A9937D28-8CF6-4DAC-AAD2-1ABEAE813313}.Debug|x86.Build.0 = Debug|Win32
		{A9937D28-8CF6-4DAC-AAD2-1ABEAE813313}.Release|x64.ActiveCfg = Release|x64
		{A9937D28-8CF6-4DAC-AAD2-1ABEAE813313}.Release|x64.Build.0 = Release|x64
		{A9937D28-8CF6-4DAC-AAD2-1ABEAE813313}.Release|x86.ActiveCfg = Release|Win32
		{A9937D28-8CF6-4DAC-AAD2-1ABEAE813313}.Release|x86.Build.0 = Release|Win32
	EndGlobalSection
	GlobalSection(SolutionProperties) = preSolution
		HideSolutionNode = FALSE
	EndGlobalSection
	GlobalSection(ExtensibilityGlobals) = postSolution
		SolutionGuid = {3E244982-B0EF-4F40-8E25-83DF54002F4A}
	EndGlobalSection
EndGlobal
